<?xml version="1.0" encoding="utf-8"?>
<Project ToolsVersion="4.0" xmlns="http://schemas.microsoft.com/developer/msbuild/2003">
  <ItemGroup>
    <Filter Include="Source Files">
      <UniqueIdentifier>{4FC737F1-C7A5-4376-A066-2A32D752A2FF}</UniqueIdentifier>
      <Extensions>cpp;c;cc;cxx;def;odl;idl;hpj;bat;asm;asmx</Extensions>
    </Filter>
    <Filter Include="Header Files">
      <UniqueIdentifier>{93995380-89BD-4b04-88EB-625FBE52EBFB}</UniqueIdentifier>
      <Extensions>h;hh;hpp;hxx;hm;inl;inc;xsd</Extensions>
    </Filter>
    <Filter Include="Resource Files">
      <UniqueIdentifier>{67DA6AB6-F800-4c08-8B7A-83BB121AAD01}</UniqueIdentifier>
      <Extensions>rc;ico;cur;bmp;dlg;rc2;rct;bin;rgs;gif;jpg;jpeg;jpe;resx;tiff;tif;png;wav;mfcribbon-ms</Extensions>
    </Filter>
    <Filter Include="Header Files\core">
      <UniqueIdentifier>{d7e89123-49d8-46af-927d-8a81b1533bb8}</UniqueIdentifier>
    </Filter>
    <Filter Include="Header Files\io">
      <UniqueIdentifier>{c74d36a2-d2b3-4341-b293-e68584559872}</UniqueIdentifier>
    </Filter>
    <Filter Include="Header Files\logger">
      <UniqueIdentifier>{6cf0f4b8-e468-4f2c-9e1d-701f2a147a52}</UniqueIdentifier>
    </Filter>
    <Filter Include="Header Files\render">
      <UniqueIdentifier>{d3afab80-d0f5-4f86-ab85-90e332de1db2}</UniqueIdentifier>
    </Filter>
    <Filter Include="Source Files\core">
      <UniqueIdentifier>{911a0fc7-7b5a-4d58-a60d-4ff4cd4adcdc}</UniqueIdentifier>
    </Filter>
    <Filter Include="Source Files\io">
      <UniqueIdentifier>{24c1937e-9b6b-4be0-8179-e681ad0dcaf0}</UniqueIdentifier>
    </Filter>
    <Filter Include="Source Files\logger">
      <UniqueIdentifier>{a54a47b0-6de9-48c1-a7b4-e20bb560babf}</UniqueIdentifier>
    </Filter>
    <Filter Include="Source Files\render">
      <UniqueIdentifier>{cbeee94d-0cd3-469a-8744-7185ac2d718e}</UniqueIdentifier>
    </Filter>
  </ItemGroup>
  <ItemGroup>
    <ClInclude Include="..\..\include\core\common.h">
      <Filter>Header Files\core</Filter>
    </ClInclude>
    <ClInclude Include="..\..\include\core\fluidsolver.h">
      <Filter>Header Files\core</Filter>
    </ClInclude>
    <ClInclude Include="..\..\include\core\glutrender.h">
      <Filter>Header Files\core</Filter>
    </ClInclude>
    <ClInclude Include="..\..\include\core\grid.hpp">
      <Filter>Header Files\core</Filter>
    </ClInclude>
    <ClInclude Include="..\..\include\core\particle.hpp">
      <Filter>Header Files\core</Filter>
    </ClInclude>
    <ClInclude Include="..\..\include\core\particlesystem.h">
      <Filter>Header Files\core</Filter>
    </ClInclude>
    <ClInclude Include="..\..\include\core\vector.hpp">
      <Filter>Header Files\core</Filter>
    </ClInclude>
    <ClInclude Include="..\..\include\io\df3exporter.h">
      <Filter>Header Files\io</Filter>
    </ClInclude>
    <ClInclude Include="..\..\include\io\exporterbase.h">
      <Filter>Header Files\io</Filter>
    </ClInclude>
    <ClInclude Include="..\..\include\io\importerbase.h">
      <Filter>Header Files\io</Filter>
    </ClInclude>
    <ClInclude Include="..\..\include\io\pbrtexporter.h">
      <Filter>Header Files\io</Filter>
    </ClInclude>
    <ClInclude Include="..\..\include\io\pngexporter.h">
      <Filter>Header Files\io</Filter>
    </ClInclude>
    <ClInclude Include="..\..\include\io\sceneimporter.h">
      <Filter>Header Files\io</Filter>
    </ClInclude>
    <ClInclude Include="..\..\include\logger\logger.h">
      <Filter>Header Files\logger</Filter>
    </ClInclude>
    <ClInclude Include="..\..\include\logger\logwriter.h">
      <Filter>Header Files\logger</Filter>
    </ClInclude>
    <ClInclude Include="..\..\include\logger\stdiowriter.h">
      <Filter>Header Files\logger</Filter>
    </ClInclude>
    <ClInclude Include="..\..\include\logger\syslogwriter.h">
      <Filter>Header Files\logger</Filter>
    </ClInclude>
    <ClInclude Include="..\..\include\render\camera.h">
      <Filter>Header Files\render</Filter>
    </ClInclude>
    <ClInclude Include="..\..\include\render\glutapp.h">
      <Filter>Header Files\render</Filter>
    </ClInclude>
    <ClInclude Include="..\..\include\core\Fdl.h">
      <Filter>Header Files\core</Filter>
    </ClInclude>
  </ItemGroup>
  <ItemGroup>
    <ClCompile Include="..\..\src\core\fluidsolver.cpp">
      <Filter>Source Files\core</Filter>
    </ClCompile>
    <ClCompile Include="..\..\src\core\particlesystem.cpp">
      <Filter>Source Files\core</Filter>
    </ClCompile>
    <ClCompile Include="..\..\src\io\df3exporter.cpp">
      <Filter>Source Files\io</Filter>
    </ClCompile>
    <ClCompile Include="..\..\src\io\exporterbase.cpp">
      <Filter>Source Files\io</Filter>
    </ClCompile>
    <ClCompile Include="..\..\src\io\pbrtexporter.cpp">
      <Filter>Source Files\io</Filter>
    </ClCompile>
    <ClCompile Include="..\..\src\io\pngexporter.cpp">
      <Filter>Source Files\io</Filter>
    </ClCompile>
    <ClCompile Include="..\..\src\io\sceneimporter.cpp">
      <Filter>Source Files\io</Filter>
    </ClCompile>
    <ClCompile Include="..\..\src\logger\logger.cpp">
      <Filter>Source Files\logger</Filter>
    </ClCompile>
    <ClCompile Include="..\..\src\logger\logwriter.cpp">
      <Filter>Source Files\logger</Filter>
    </ClCompile>
    <ClCompile Include="..\..\src\logger\stdiowriter.cpp">
      <Filter>Source Files\logger</Filter>
    </ClCompile>
    <ClCompile Include="..\..\src\logger\syslogwriter.cpp">
      <Filter>Source Files\logger</Filter>
    </ClCompile>
    <ClCompile Include="..\..\src\render\camera.cpp">
      <Filter>Source Files\render</Filter>
    </ClCompile>
    <ClCompile Include="..\..\src\render\glutapp.cpp">
      <Filter>Source Files\render</Filter>
    </ClCompile>
    <ClCompile Include="..\..\src\core\Fdl.cpp">
      <Filter>Source Files\core</Filter>
    </ClCompile>
  </ItemGroup>
  <ItemGroup>
    <None Include="packages.config" />
  </ItemGroup>
</Project>